
Microsoft Visual Studio Solution File, Format Version 12.00
# Visual Studio 2015
Project("{FAE04EC0-301F-11D3-BF4B-00C04F79EFBC}") = "13abril2016.CSharp.Plugins", "13abril2016.CSharp.Plugins.csproj", "{1AD46649-8B25-218F-CC66-D963E3594156}"
EndProject
Project("{FAE04EC0-301F-11D3-BF4B-00C04F79EFBC}") = "13abril2016.CSharp.Editor", "13abril2016.CSharp.Editor.csproj", "{64600D81-F660-9ED3-4A96-5AE1EC65FA0D}"
EndProject
Global
	GlobalSection(SolutionConfigurationPlatforms) = preSolution
		Debug|Any CPU = Debug|Any CPU
		Release|Any CPU = Release|Any CPU
	EndGlobalSection
	GlobalSection(ProjectConfigurationPlatforms) = postSolution
		{1AD46649-8B25-218F-CC66-D963E3594156}.Debug|Any CPU.ActiveCfg = Debug|Any CPU
		{1AD46649-8B25-218F-CC66-D963E3594156}.Debug|Any CPU.Build.0 = Debug|Any CPU
		{1AD46649-8B25-218F-CC66-D963E3594156}.Release|Any CPU.ActiveCfg = Release|Any CPU
		{1AD46649-8B25-218F-CC66-D963E3594156}.Release|Any CPU.Build.0 = Release|Any CPU
		{64600D81-F660-9ED3-4A96-5AE1EC65FA0D}.Debug|Any CPU.ActiveCfg = Debug|Any CPU
		{64600D81-F660-9ED3-4A96-5AE1EC65FA0D}.Debug|Any CPU.Build.0 = Debug|Any CPU
		{64600D81-F660-9ED3-4A96-5AE1EC65FA0D}.Release|Any CPU.ActiveCfg = Release|Any CPU
		{64600D81-F660-9ED3-4A96-5AE1EC65FA0D}.Release|Any CPU.Build.0 = Release|Any CPU
	EndGlobalSection
	GlobalSection(SolutionProperties) = preSolution
		HideSolutionNode = FALSE
	EndGlobalSection
EndGlobal
